
Microsoft Visual Studio Solution File, Format Version 12.00
# Visual Studio Version 16
VisualStudioVersion = 16.0.31129.286
MinimumVisualStudioVersion = 10.0.40219.1
Project("{FAE04EC0-301F-11D3-BF4B-00C04F79EFBC}") = "KafkaConsumer", "KafkaConsumer\KafkaConsumer.csproj", "{814EB2CE-C1EF-4E71-8ADB-F0431AAA6B25}"
EndProject
Global
	GlobalSection(SolutionConfigurationPlatforms) = preSolution
		Debug|Any CPU = Debug|Any CPU
		Release|Any CPU = Release|Any CPU
	EndGlobalSection
	GlobalSection(ProjectConfigurationPlatforms) = postSolution
		{814EB2CE-C1EF-4E71-8ADB-F0431AAA6B25}.Debug|Any CPU.ActiveCfg = Debug|Any CPU
		{814EB2CE-C1EF-4E71-8ADB-F0431AAA6B25}.Debug|Any CPU.Build.0 = Debug|Any CPU
		{814EB2CE-C1EF-4E71-8ADB-F0431AAA6B25}.Release|Any CPU.ActiveCfg = Release|Any CPU
		{814EB2CE-C1EF-4E71-8ADB-F0431AAA6B25}.Release|Any CPU.Build.0 = Release|Any CPU
	EndGlobalSection
	GlobalSection(SolutionProperties) = preSolution
		HideSolutionNode = FALSE
	EndGlobalSection
	GlobalSection(ExtensibilityGlobals) = postSolution
		SolutionGuid = {98A045A8-3C02-4AD7-9B8F-7A1356AC3F9B}
	EndGlobalSection
EndGlobal
